
Microsoft Visual Studio Solution File, Format Version 12.00
# Visual Studio Version 16
VisualStudioVersion = 16.0.31025.194
MinimumVisualStudioVersion = 10.0.40219.1
Project("{FAE04EC0-301F-11D3-BF4B-00C04F79EFBC}") = "aps2", "aps2\aps2.csproj", "{B56D93DC-6D3F-4249-8AB8-91D82C53EC83}"
EndProject
Global
	GlobalSection(SolutionConfigurationPlatforms) = preSolution
		Debug|Any CPU = Debug|Any CPU
		Release|Any CPU = Release|Any CPU
	EndGlobalSection
	GlobalSection(ProjectConfigurationPlatforms) = postSolution
		{B56D93DC-6D3F-4249-8AB8-91D82C53EC83}.Debug|Any CPU.ActiveCfg = Debug|Any CPU
		{B56D93DC-6D3F-4249-8AB8-91D82C53EC83}.Debug|Any CPU.Build.0 = Debug|Any CPU
		{B56D93DC-6D3F-4249-8AB8-91D82C53EC83}.Release|Any CPU.ActiveCfg = Release|Any CPU
		{B56D93DC-6D3F-4249-8AB8-91D82C53EC83}.Release|Any CPU.Build.0 = Release|Any CPU
	EndGlobalSection
	GlobalSection(SolutionProperties) = preSolution
		HideSolutionNode = FALSE
	EndGlobalSection
	GlobalSection(ExtensibilityGlobals) = postSolution
		SolutionGuid = {DDFA0AD1-AA33-48BF-9821-D5BE62DEDAE9}
	EndGlobalSection
EndGlobal
